{
  "requires": true,
  "lockfileVersion": 1,
  "dependencies": {
    "cordova-sqlite-storage": {
      "version": "3.2.1",
      "resolved": "https://registry.npmjs.org/cordova-sqlite-storage/-/cordova-sqlite-storage-3.2.1.tgz",
      "integrity": "sha512-UC27DdyB/nji8o3mLEPoyo2hkZBtfVdT8CJVw9a6B/S9SbeqmkcwFFxUXxv62JgLgXHzNn0gg3ZtzxVGaY909g==",
      "requires": {
        "cordova-sqlite-storage-dependencies": "2.0.1"
      }
    },
    "cordova-sqlite-storage-dependencies": {
      "version": "2.0.1",
      "resolved": "https://registry.npmjs.org/cordova-sqlite-storage-dependencies/-/cordova-sqlite-storage-dependencies-2.0.1.tgz",
      "integrity": "sha512-PJvFBCw8xRcYm2PxIppk0X0UTxhTc3TO4vizdasQwV/8XnxT2cjNN5bG4QBPoiL1qzpV0pTbdNJ75D0MzY6lXw=="
    }
  }
}
